github.com/andybalholm/brotli v1.0.3 h1:fpcw+r1N1h0Poc1F/pHbW40cUm/lMEQslZtCkBQ0UnM=
github.com/andybalholm/brotli v1.0.3/go.mod h1:fO7iG3H7G2nSZ7m0zPUDn85XEX2GTukHGRSepvi9Eig=
github.com/elastic/go-elasticsearch/v6 v6.8.10 h1:2lN0gJ93gMBXvkhwih5xquldszpm8FlUwqG5sPzr6a8=
github.com/elastic/go-elasticsearch/v6 v6.8.10/go.mod h1:UwaDJsD3rWLM5rKNFzv9hgox93HoX8utj1kxD9aFUcI=
github.com/fufuok/chanx v0.0.106 h1:kqrVOmgL704kuC67eS5K30SXDeDfcO1AEQTp2EP/2h0=
github.com/fufuok/chanx v0.0.106/go.mod h1:FHzHGzXfF0uY2YGaoKg9ny5LxuNtQr7+Ssnkz6DUjQo=
github.com/fufuok/timewheel v1.0.100 h1:zNddQtdZSo0Q55QvancfauboKUY9dR/PmR45TC9nA+s=
github.com/fufuok/timewheel v1.0.100/go.mod h1:0Fzlx5tmx5D34FszZWd+Y5Sa90587fYdbHs1tdGr0Yk=
github.com/fufuok/utils v0.2.2 h1:nkTXXuJB1wxpiyjuKIX9sL6JwMn6v/KnxAtwtPLzHE4=
github.com/fufuok/utils v0.2.2/go.mod h1:EyC9Mer4dGtk3wM0JK0IzmufZE3LTL28yqf9iGLyvjg=
github.com/goccy/go-json v0.7.7 h1:MflzqwHECILPg/0qDYB+jx+sJeNojJHEbRYsa8q7j/o=
github.com/goccy/go-json v0.7.7/go.mod h1:6MelG93GURQebXPDq3khkgXZkazVtN9CRI+MGFi0w8I=
github.com/gofiber/fiber/v2 v2.18.0 h1:xCWYSVoTNibHpzfciPwUSZGiTyTpTXYchCwynuJU09s=
github.com/gofiber/fiber/v2 v2.18.0/go.mod h1:/LdZHMUXZvTTo7gU4+b1hclqCAdoQphNQ9bi9gutPyI=
github.com/imroc/req v0.3.0 h1:3EioagmlSG+z+KySToa+Ylo3pTFZs+jh3Brl7ngU12U=
github.com/imroc/req v0.3.0/go.mod h1:F+NZ+2EFSo6EFXdeIbpfE9hcC233id70kf0byW97Caw=
github.com/klauspost/compress v1.13.4 h1:0zhec2I8zGnjWcKyLl6i3gPqKANCCn5e9xmviEEeX6s=
github.com/klauspost/compress v1.13.4/go.mod h1:8dP1Hq4DHOhN9w426knH3Rhby4rFm6D8eO+e+Dq5Gzg=
github.com/lesismal/arpc v1.1.10 h1:JGDOOBJM6V39tl1v/wtf0WlPFCNXSWaDzlQtZuSdaBc=
github.com/lesismal/arpc v1.1.10/go.mod h1:nSF7m8oiGzALHdcNz9kPLDeXOAzp8IrnVlqxjjJfG18=
github.com/panjf2000/ants/v2 v2.4.6 h1:drmj9mcygn2gawZ155dRbo+NfXEfAssjZNU1qoIb4gQ=
github.com/panjf2000/ants/v2 v2.4.6/go.mod h1:f6F0NZVFsGCp5A7QW/Zj/m92atWwOkY0OIhFxRNFr4A=
github.com/panjf2000/gnet v1.5.3 h1:0jzf/8Ryor3RD2i3YH7OfG6KfSlJNvpQ1ZdCKQTVTOo=
github.com/panjf2000/gnet v1.5.3/go.mod h1:ATfqWvTFpU0WD0ASHdz6WiG2oheCKU2Hsi5+xKmPEIY=
github.com/puzpuzpuz/xsync v1.0.2 h1:6tBOgCJhAydLanRLU8kySpCQfO+e1CTj5/oEwMuaxGA=
github.com/puzpuzpuz/xsync v1.0.2/go.mod h1:GF6mnc4fZ1Vit0eWBHPcthv2l1nE81+iZvLsexB/HM4=
github.com/rs/zerolog v1.23.0 h1:UskrK+saS9P9Y789yNNulYKdARjPZuS35B8gJF2x60g=
github.com/rs/zerolog v1.23.0/go.mod h1:6c7hFfxPOy7TacJc4Fcdi24/J0NKYGzjG8FWRI916Qo=
github.com/tidwall/gjson v1.8.1 h1:8j5EE9Hrh3l9Od1OIEDAb7IpezNA20UdRngNAj5N0WU=
github.com/tidwall/gjson v1.8.1/go.mod h1:5/xDoumyyDNerp2U36lyolv46b3uF/9Bu6OfyQ9GImk=
github.com/tidwall/match v1.0.3 h1:FQUVvBImDutD8wJLN6c5eMzWtjgONK9MwIBCOrUJKeE=
github.com/tidwall/match v1.0.3/go.mod h1:eRSPERbgtNPcGhD8UCthc6PmLEQXEWd3PRB5JTxsfmM=
github.com/tidwall/pretty v1.2.0 h1:RWIZEg2iJ8/g6fDDYzMpobmaoGh5OLl4AXtGUGPcqCs=
github.com/tidwall/pretty v1.2.0/go.mod h1:ITEVvHYasfjBbM0u2Pg8T2nJnzm8xPwvNhhsoaGGjNU=
github.com/tidwall/sjson v1.1.7 h1:sgVPwu/yygHJ2m1pJDLgGM/h+1F5odx5Q9ljG3imRm8=
github.com/tidwall/sjson v1.1.7/go.mod h1:w/yG+ezBeTdUxiKs5NcPicO9diP38nk96QBAbIIGeFs=
github.com/valyala/bytebufferpool v1.0.0 h1:GqA5TC/0021Y/b9FG4Oi9Mr3q7XYx6KllzawFIhcdPw=
github.com/valyala/bytebufferpool v1.0.0/go.mod h1:6bBcMArwyJ5K/AmCkWv1jt77kVWyCJ6HpOuEn7z0Csc=
github.com/valyala/fasthttp v1.29.0 h1:F5GKpytwFk5OhCuRh6H+d4vZAcEeNAwPTdwQnm6IERY=
github.com/valyala/fasthttp v1.29.0/go.mod h1:2rsYD01CKFrjjsvFxx75KlEUNpWNBY9JWD3K/7o2Cus=
github.com/valyala/tcplisten v1.0.0 h1:rBHj/Xf+E1tRGZyWIWwJDiRY0zc1Js+CV5DqwacVSA8=
github.com/valyala/tcplisten v1.0.0/go.mod h1:T0xQ8SeCZGxckz9qRXTfG43PvQ/mcWh7FwZEA7Ioqkc=
go.uber.org/atomic v1.9.0 h1:ECmE8Bn/WFTYwEW/bpKD3M8VtR/zQVbavAoalC1PYyE=
go.uber.org/atomic v1.9.0/go.mod h1:fEN4uk6kAWBTFdckzkM89CLk9XfWZrxpCo0nPH17wJc=
go.uber.org/multierr v1.7.0 h1:zaiO/rmgFjbmCXdSYJWQcdvOCsthmdaHfr3Gm2Kx4Ec=
go.uber.org/multierr v1.7.0/go.mod h1:7EAYxJLBy9rStEaz58O2t4Uvip6FSURkq8/ppBp95ak=
go.uber.org/zap v1.19.0 h1:mZQZefskPPCMIBCSEH0v2/iUqqLrYtaeqwD6FUGUnFE=
go.uber.org/zap v1.19.0/go.mod h1:xg/QME4nWcxGxrpdeYfq7UvYrLh66cuVKdrbD1XF/NI=
golang.org/x/sys v0.0.0-20210630005230-0f9fa26af87c h1:F1jZWGFhYfh0Ci55sIpILtKKK8p3i2/krTr0H1rg74I=
golang.org/x/sys v0.0.0-20210630005230-0f9fa26af87c/go.mod h1:oPkhp1MJrh7nUepCBck5+mAzfO9JrbApNNgaTdGDITg=
gopkg.in/natefinch/lumberjack.v2 v2.0.0 h1:1Lc07Kr7qY4U2YPouBjpCLxpiyxIVoxqXgkXLknAOE8=
gopkg.in/natefinch/lumberjack.v2 v2.0.0/go.mod h1:l0ndWWf7gzL7RNwBG7wST/UCcT4T24xpD6X8LsfU/+k=
